
Microsoft Visual Studio Solution File, Format Version 12.00
# Visual Studio Version 17
VisualStudioVersion = 17.8.34322.80
MinimumVisualStudioVersion = 10.0.40219.1
Project("{FAE04EC0-301F-11D3-BF4B-00C04F79EFBC}") = "Finals_Galido", "Finals_Dematera\Finals_Dematera.csproj", "{4C8F8A1A-ECFB-4407-A299-BA22644E69A4}"
EndProject
Global
	GlobalSection(SolutionConfigurationPlatforms) = preSolution
		Debug|Any CPU = Debug|Any CPU
		Release|Any CPU = Release|Any CPU
	EndGlobalSection
	GlobalSection(ProjectConfigurationPlatforms) = postSolution
		{4C8F8A1A-ECFB-4407-A299-BA22644E69A4}.Debug|Any CPU.ActiveCfg = Debug|Any CPU
		{4C8F8A1A-ECFB-4407-A299-BA22644E69A4}.Debug|Any CPU.Build.0 = Debug|Any CPU
		{4C8F8A1A-ECFB-4407-A299-BA22644E69A4}.Release|Any CPU.ActiveCfg = Release|Any CPU
		{4C8F8A1A-ECFB-4407-A299-BA22644E69A4}.Release|Any CPU.Build.0 = Release|Any CPU
	EndGlobalSection
	GlobalSection(SolutionProperties) = preSolution
		HideSolutionNode = FALSE
	EndGlobalSection
	GlobalSection(ExtensibilityGlobals) = postSolution
		SolutionGuid = {598FA4D4-8627-4D19-AEB6-B4C79CD47EFB}
	EndGlobalSection
EndGlobal
